
Microsoft Visual Studio Solution File, Format Version 12.00
# Visual Studio Version 17
VisualStudioVersion = 17.8.34330.188
MinimumVisualStudioVersion = 10.0.40219.1
Project("{9A19103F-16F7-4668-BE54-9A1E7A4F7556}") = "dotnet-training-project", "dotnet-training-project\dotnet-training-project.csproj", "{23CEB180-ACB5-4C63-927F-2B918B616516}"
EndProject
Project("{9A19103F-16F7-4668-BE54-9A1E7A4F7556}") = "auto-mapper-training", "auto-mapper-training\auto-mapper-training.csproj", "{F264582E-64AB-476E-BA09-513B1E2D6A66}"
EndProject
Global
	GlobalSection(SolutionConfigurationPlatforms) = preSolution
		Debug|Any CPU = Debug|Any CPU
		Release|Any CPU = Release|Any CPU
	EndGlobalSection
	GlobalSection(ProjectConfigurationPlatforms) = postSolution
		{23CEB180-ACB5-4C63-927F-2B918B616516}.Debug|Any CPU.ActiveCfg = Debug|Any CPU
		{23CEB180-ACB5-4C63-927F-2B918B616516}.Debug|Any CPU.Build.0 = Debug|Any CPU
		{23CEB180-ACB5-4C63-927F-2B918B616516}.Release|Any CPU.ActiveCfg = Release|Any CPU
		{23CEB180-ACB5-4C63-927F-2B918B616516}.Release|Any CPU.Build.0 = Release|Any CPU
		{F264582E-64AB-476E-BA09-513B1E2D6A66}.Debug|Any CPU.ActiveCfg = Debug|Any CPU
		{F264582E-64AB-476E-BA09-513B1E2D6A66}.Debug|Any CPU.Build.0 = Debug|Any CPU
		{F264582E-64AB-476E-BA09-513B1E2D6A66}.Release|Any CPU.ActiveCfg = Release|Any CPU
		{F264582E-64AB-476E-BA09-513B1E2D6A66}.Release|Any CPU.Build.0 = Release|Any CPU
	EndGlobalSection
	GlobalSection(SolutionProperties) = preSolution
		HideSolutionNode = FALSE
	EndGlobalSection
	GlobalSection(ExtensibilityGlobals) = postSolution
		SolutionGuid = {FF38655F-CD15-4BA6-9637-57CF0EE97E01}
	EndGlobalSection
EndGlobal
